
Microsoft Visual Studio Solution File, Format Version 12.00
# Visual Studio Version 16
VisualStudioVersion = 16.0.32510.428
MinimumVisualStudioVersion = 10.0.40219.1
Project("{9092AA53-FB77-4645-B42D-1CCCA6BD08BD}") = "Ayurved", "Ayurved.njsproj", "{8F5D49BA-0ACA-4D13-849B-A8B84DD541AA}"
EndProject
Global
	GlobalSection(SolutionConfigurationPlatforms) = preSolution
		Debug|Any CPU = Debug|Any CPU
		Release|Any CPU = Release|Any CPU
	EndGlobalSection
	GlobalSection(ProjectConfigurationPlatforms) = postSolution
		{8F5D49BA-0ACA-4D13-849B-A8B84DD541AA}.Debug|Any CPU.ActiveCfg = Debug|Any CPU
		{8F5D49BA-0ACA-4D13-849B-A8B84DD541AA}.Debug|Any CPU.Build.0 = Debug|Any CPU
		{8F5D49BA-0ACA-4D13-849B-A8B84DD541AA}.Release|Any CPU.ActiveCfg = Release|Any CPU
		{8F5D49BA-0ACA-4D13-849B-A8B84DD541AA}.Release|Any CPU.Build.0 = Release|Any CPU
	EndGlobalSection
	GlobalSection(SolutionProperties) = preSolution
		HideSolutionNode = FALSE
	EndGlobalSection
	GlobalSection(ExtensibilityGlobals) = postSolution
		SolutionGuid = {64FFD7DD-1350-4F4C-AF93-A94C2AFA81A7}
	EndGlobalSection
EndGlobal
